
Microsoft Visual Studio Solution File, Format Version 12.00
Project("{FAE04EC0-301F-11D3-BF4B-00C04F79EFBC}") = "HelloCore", "HelloCore\HelloCore.csproj", "{9DC14D60-810E-4B6C-900D-E514B6D092D0}"
EndProject
Global
	GlobalSection(SolutionConfigurationPlatforms) = preSolution
		Debug|Any CPU = Debug|Any CPU
		Release|Any CPU = Release|Any CPU
	EndGlobalSection
	GlobalSection(ProjectConfigurationPlatforms) = postSolution
		{9DC14D60-810E-4B6C-900D-E514B6D092D0}.Debug|Any CPU.ActiveCfg = Debug|Any CPU
		{9DC14D60-810E-4B6C-900D-E514B6D092D0}.Debug|Any CPU.Build.0 = Debug|Any CPU
		{9DC14D60-810E-4B6C-900D-E514B6D092D0}.Release|Any CPU.ActiveCfg = Release|Any CPU
		{9DC14D60-810E-4B6C-900D-E514B6D092D0}.Release|Any CPU.Build.0 = Release|Any CPU
	EndGlobalSection
EndGlobal
